
Microsoft Visual Studio Solution File, Format Version 12.00
# Visual Studio 15
VisualStudioVersion = 15.0.26124.0
MinimumVisualStudioVersion = 15.0.26124.0
Project("{2150E333-8FDC-42A3-9474-1A3956D46DE8}") = "src", "src", "{181F2FC0-AFC4-48E2-8192-52B14E6DE673}"
EndProject
Project("{9A19103F-16F7-4668-BE54-9A1E7A4F7556}") = "PG.Api", "src\PG.Api\PG.Api.csproj", "{7065334B-478E-4631-9F63-B9F1B611B2AA}"
EndProject
Project("{9A19103F-16F7-4668-BE54-9A1E7A4F7556}") = "PG.BLL", "src\PG.BLL\PG.BLL.csproj", "{35292227-5884-429B-A709-792F2F5819E8}"
EndProject
Project("{9A19103F-16F7-4668-BE54-9A1E7A4F7556}") = "PG.Common", "src\PG.Common\PG.Common.csproj", "{44641CA3-646F-4BB8-BCA3-44FB005D08FB}"
EndProject
Project("{9A19103F-16F7-4668-BE54-9A1E7A4F7556}") = "PG.DataAccess", "src\PG.DataAccess\PG.DataAccess.csproj", "{D28FE58F-1A03-4FCA-A7F0-7A67F3D70479}"
EndProject
Project("{9A19103F-16F7-4668-BE54-9A1E7A4F7556}") = "PG.Model", "src\PG.Model\PG.Model.csproj", "{83134872-0773-4BB7-B59D-00E0619D8700}"
EndProject
Project("{9A19103F-16F7-4668-BE54-9A1E7A4F7556}") = "PG.Repository", "src\PG.Repository\PG.Repository.csproj", "{7546F4DB-3076-44A4-A57D-5AB31E3AC147}"
EndProject
Project("{2150E333-8FDC-42A3-9474-1A3956D46DE8}") = "test", "test", "{48454651-6A7A-4B1F-8593-22EC34C4FE32}"
EndProject
Project("{9A19103F-16F7-4668-BE54-9A1E7A4F7556}") = "PG.BLLTest", "test\PG.BLLTest\PG.BLLTest.csproj", "{0C38009A-4291-4924-AE38-A7E9495A74A1}"
EndProject
Project("{FAE04EC0-301F-11D3-BF4B-00C04F79EFBC}") = "PG.RepositoryTest", "test\PG.RepositoryTest\PG.RepositoryTest.csproj", "{7EFC3A93-C809-46CA-B1B0-FA8B815299EC}"
EndProject
Global
	GlobalSection(SolutionConfigurationPlatforms) = preSolution
		Debug|Any CPU = Debug|Any CPU
		Debug|x64 = Debug|x64
		Debug|x86 = Debug|x86
		Release|Any CPU = Release|Any CPU
		Release|x64 = Release|x64
		Release|x86 = Release|x86
	EndGlobalSection
	GlobalSection(ProjectConfigurationPlatforms) = postSolution
		{7065334B-478E-4631-9F63-B9F1B611B2AA}.Debug|Any CPU.ActiveCfg = Debug|Any CPU
		{7065334B-478E-4631-9F63-B9F1B611B2AA}.Debug|Any CPU.Build.0 = Debug|Any CPU
		{7065334B-478E-4631-9F63-B9F1B611B2AA}.Debug|x64.ActiveCfg = Debug|Any CPU
		{7065334B-478E-4631-9F63-B9F1B611B2AA}.Debug|x64.Build.0 = Debug|Any CPU
		{7065334B-478E-4631-9F63-B9F1B611B2AA}.Debug|x86.ActiveCfg = Debug|Any CPU
		{7065334B-478E-4631-9F63-B9F1B611B2AA}.Debug|x86.Build.0 = Debug|Any CPU
		{7065334B-478E-4631-9F63-B9F1B611B2AA}.Release|Any CPU.ActiveCfg = Release|Any CPU
		{7065334B-478E-4631-9F63-B9F1B611B2AA}.Release|Any CPU.Build.0 = Release|Any CPU
		{7065334B-478E-4631-9F63-B9F1B611B2AA}.Release|x64.ActiveCfg = Release|Any CPU
		{7065334B-478E-4631-9F63-B9F1B611B2AA}.Release|x64.Build.0 = Release|Any CPU
		{7065334B-478E-4631-9F63-B9F1B611B2AA}.Release|x86.ActiveCfg = Release|Any CPU
		{7065334B-478E-4631-9F63-B9F1B611B2AA}.Release|x86.Build.0 = Release|Any CPU
		{35292227-5884-429B-A709-792F2F5819E8}.Debug|Any CPU.ActiveCfg = Debug|Any CPU
		{35292227-5884-429B-A709-792F2F5819E8}.Debug|Any CPU.Build.0 = Debug|Any CPU
		{35292227-5884-429B-A709-792F2F5819E8}.Debug|x64.ActiveCfg = Debug|Any CPU
		{35292227-5884-429B-A709-792F2F5819E8}.Debug|x64.Build.0 = Debug|Any CPU
		{35292227-5884-429B-A709-792F2F5819E8}.Debug|x86.ActiveCfg = Debug|Any CPU
		{35292227-5884-429B-A709-792F2F5819E8}.Debug|x86.Build.0 = Debug|Any CPU
		{35292227-5884-429B-A709-792F2F5819E8}.Release|Any CPU.ActiveCfg = Release|Any CPU
		{35292227-5884-429B-A709-792F2F5819E8}.Release|Any CPU.Build.0 = Release|Any CPU
		{35292227-5884-429B-A709-792F2F5819E8}.Release|x64.ActiveCfg = Release|Any CPU
		{35292227-5884-429B-A709-792F2F5819E8}.Release|x64.Build.0 = Release|Any CPU
		{35292227-5884-429B-A709-792F2F5819E8}.Release|x86.ActiveCfg = Release|Any CPU
		{35292227-5884-429B-A709-792F2F5819E8}.Release|x86.Build.0 = Release|Any CPU
		{44641CA3-646F-4BB8-BCA3-44FB005D08FB}.Debug|Any CPU.ActiveCfg = Debug|Any CPU
		{44641CA3-646F-4BB8-BCA3-44FB005D08FB}.Debug|Any CPU.Build.0 = Debug|Any CPU
		{44641CA3-646F-4BB8-BCA3-44FB005D08FB}.Debug|x64.ActiveCfg = Debug|Any CPU
		{44641CA3-646F-4BB8-BCA3-44FB005D08FB}.Debug|x64.Build.0 = Debug|Any CPU
		{44641CA3-646F-4BB8-BCA3-44FB005D08FB}.Debug|x86.ActiveCfg = Debug|Any CPU
		{44641CA3-646F-4BB8-BCA3-44FB005D08FB}.Debug|x86.Build.0 = Debug|Any CPU
		{44641CA3-646F-4BB8-BCA3-44FB005D08FB}.Release|Any CPU.ActiveCfg = Release|Any CPU
		{44641CA3-646F-4BB8-BCA3-44FB005D08FB}.Release|Any CPU.Build.0 = Release|Any CPU
		{44641CA3-646F-4BB8-BCA3-44FB005D08FB}.Release|x64.ActiveCfg = Release|Any CPU
		{44641CA3-646F-4BB8-BCA3-44FB005D08FB}.Release|x64.Build.0 = Release|Any CPU
		{44641CA3-646F-4BB8-BCA3-44FB005D08FB}.Release|x86.ActiveCfg = Release|Any CPU
		{44641CA3-646F-4BB8-BCA3-44FB005D08FB}.Release|x86.Build.0 = Release|Any CPU
		{D28FE58F-1A03-4FCA-A7F0-7A67F3D70479}.Debug|Any CPU.ActiveCfg = Debug|Any CPU
		{D28FE58F-1A03-4FCA-A7F0-7A67F3D70479}.Debug|Any CPU.Build.0 = Debug|Any CPU
		{D28FE58F-1A03-4FCA-A7F0-7A67F3D70479}.Debug|x64.ActiveCfg = Debug|Any CPU
		{D28FE58F-1A03-4FCA-A7F0-7A67F3D70479}.Debug|x64.Build.0 = Debug|Any CPU
		{D28FE58F-1A03-4FCA-A7F0-7A67F3D70479}.Debug|x86.ActiveCfg = Debug|Any CPU
		{D28FE58F-1A03-4FCA-A7F0-7A67F3D70479}.Debug|x86.Build.0 = Debug|Any CPU
		{D28FE58F-1A03-4FCA-A7F0-7A67F3D70479}.Release|Any CPU.ActiveCfg = Release|Any CPU
		{D28FE58F-1A03-4FCA-A7F0-7A67F3D70479}.Release|Any CPU.Build.0 = Release|Any CPU
		{D28FE58F-1A03-4FCA-A7F0-7A67F3D70479}.Release|x64.ActiveCfg = Release|Any CPU
		{D28FE58F-1A03-4FCA-A7F0-7A67F3D70479}.Release|x64.Build.0 = Release|Any CPU
		{D28FE58F-1A03-4FCA-A7F0-7A67F3D70479}.Release|x86.ActiveCfg = Release|Any CPU
		{D28FE58F-1A03-4FCA-A7F0-7A67F3D70479}.Release|x86.Build.0 = Release|Any CPU
		{83134872-0773-4BB7-B59D-00E0619D8700}.Debug|Any CPU.ActiveCfg = Debug|Any CPU
		{83134872-0773-4BB7-B59D-00E0619D8700}.Debug|Any CPU.Build.0 = Debug|Any CPU
		{83134872-0773-4BB7-B59D-00E0619D8700}.Debug|x64.ActiveCfg = Debug|Any CPU
		{83134872-0773-4BB7-B59D-00E0619D8700}.Debug|x64.Build.0 = Debug|Any CPU
		{83134872-0773-4BB7-B59D-00E0619D8700}.Debug|x86.ActiveCfg = Debug|Any CPU
		{83134872-0773-4BB7-B59D-00E0619D8700}.Debug|x86.Build.0 = Debug|Any CPU
		{83134872-0773-4BB7-B59D-00E0619D8700}.Release|Any CPU.ActiveCfg = Release|Any CPU
		{83134872-0773-4BB7-B59D-00E0619D8700}.Release|Any CPU.Build.0 = Release|Any CPU
		{83134872-0773-4BB7-B59D-00E0619D8700}.Release|x64.ActiveCfg = Release|Any CPU
		{83134872-0773-4BB7-B59D-00E0619D8700}.Release|x64.Build.0 = Release|Any CPU
		{83134872-0773-4BB7-B59D-00E0619D8700}.Release|x86.ActiveCfg = Release|Any CPU
		{83134872-0773-4BB7-B59D-00E0619D8700}.Release|x86.Build.0 = Release|Any CPU
		{7546F4DB-3076-44A4-A57D-5AB31E3AC147}.Debug|Any CPU.ActiveCfg = Debug|Any CPU
		{7546F4DB-3076-44A4-A57D-5AB31E3AC147}.Debug|Any CPU.Build.0 = Debug|Any CPU
		{7546F4DB-3076-44A4-A57D-5AB31E3AC147}.Debug|x64.ActiveCfg = Debug|Any CPU
		{7546F4DB-3076-44A4-A57D-5AB31E3AC147}.Debug|x64.Build.0 = Debug|Any CPU
		{7546F4DB-3076-44A4-A57D-5AB31E3AC147}.Debug|x86.ActiveCfg = Debug|Any CPU
		{7546F4DB-3076-44A4-A57D-5AB31E3AC147}.Debug|x86.Build.0 = Debug|Any CPU
		{7546F4DB-3076-44A4-A57D-5AB31E3AC147}.Release|Any CPU.ActiveCfg = Release|Any CPU
		{7546F4DB-3076-44A4-A57D-5AB31E3AC147}.Release|Any CPU.Build.0 = Release|Any CPU
		{7546F4DB-3076-44A4-A57D-5AB31E3AC147}.Release|x64.ActiveCfg = Release|Any CPU
		{7546F4DB-3076-44A4-A57D-5AB31E3AC147}.Release|x64.Build.0 = Release|Any CPU
		{7546F4DB-3076-44A4-A57D-5AB31E3AC147}.Release|x86.ActiveCfg = Release|Any CPU
		{7546F4DB-3076-44A4-A57D-5AB31E3AC147}.Release|x86.Build.0 = Release|Any CPU
		{0C38009A-4291-4924-AE38-A7E9495A74A1}.Debug|Any CPU.ActiveCfg = Debug|Any CPU
		{0C38009A-4291-4924-AE38-A7E9495A74A1}.Debug|Any CPU.Build.0 = Debug|Any CPU
		{0C38009A-4291-4924-AE38-A7E9495A74A1}.Debug|x64.ActiveCfg = Debug|Any CPU
		{0C38009A-4291-4924-AE38-A7E9495A74A1}.Debug|x64.Build.0 = Debug|Any CPU
		{0C38009A-4291-4924-AE38-A7E9495A74A1}.Debug|x86.ActiveCfg = Debug|Any CPU
		{0C38009A-4291-4924-AE38-A7E9495A74A1}.Debug|x86.Build.0 = Debug|Any CPU
		{0C38009A-4291-4924-AE38-A7E9495A74A1}.Release|Any CPU.ActiveCfg = Release|Any CPU
		{0C38009A-4291-4924-AE38-A7E9495A74A1}.Release|Any CPU.Build.0 = Release|Any CPU
		{0C38009A-4291-4924-AE38-A7E9495A74A1}.Release|x64.ActiveCfg = Release|Any CPU
		{0C38009A-4291-4924-AE38-A7E9495A74A1}.Release|x64.Build.0 = Release|Any CPU
		{0C38009A-4291-4924-AE38-A7E9495A74A1}.Release|x86.ActiveCfg = Release|Any CPU
		{0C38009A-4291-4924-AE38-A7E9495A74A1}.Release|x86.Build.0 = Release|Any CPU
		{7EFC3A93-C809-46CA-B1B0-FA8B815299EC}.Debug|Any CPU.ActiveCfg = Debug|Any CPU
		{7EFC3A93-C809-46CA-B1B0-FA8B815299EC}.Debug|Any CPU.Build.0 = Debug|Any CPU
		{7EFC3A93-C809-46CA-B1B0-FA8B815299EC}.Debug|x64.ActiveCfg = Debug|Any CPU
		{7EFC3A93-C809-46CA-B1B0-FA8B815299EC}.Debug|x64.Build.0 = Debug|Any CPU
		{7EFC3A93-C809-46CA-B1B0-FA8B815299EC}.Debug|x86.ActiveCfg = Debug|Any CPU
		{7EFC3A93-C809-46CA-B1B0-FA8B815299EC}.Debug|x86.Build.0 = Debug|Any CPU
		{7EFC3A93-C809-46CA-B1B0-FA8B815299EC}.Release|Any CPU.ActiveCfg = Release|Any CPU
		{7EFC3A93-C809-46CA-B1B0-FA8B815299EC}.Release|Any CPU.Build.0 = Release|Any CPU
		{7EFC3A93-C809-46CA-B1B0-FA8B815299EC}.Release|x64.ActiveCfg = Release|Any CPU
		{7EFC3A93-C809-46CA-B1B0-FA8B815299EC}.Release|x64.Build.0 = Release|Any CPU
		{7EFC3A93-C809-46CA-B1B0-FA8B815299EC}.Release|x86.ActiveCfg = Release|Any CPU
		{7EFC3A93-C809-46CA-B1B0-FA8B815299EC}.Release|x86.Build.0 = Release|Any CPU
	EndGlobalSection
	GlobalSection(SolutionProperties) = preSolution
		HideSolutionNode = FALSE
	EndGlobalSection
	GlobalSection(NestedProjects) = preSolution
		{7065334B-478E-4631-9F63-B9F1B611B2AA} = {181F2FC0-AFC4-48E2-8192-52B14E6DE673}
		{35292227-5884-429B-A709-792F2F5819E8} = {181F2FC0-AFC4-48E2-8192-52B14E6DE673}
		{44641CA3-646F-4BB8-BCA3-44FB005D08FB} = {181F2FC0-AFC4-48E2-8192-52B14E6DE673}
		{D28FE58F-1A03-4FCA-A7F0-7A67F3D70479} = {181F2FC0-AFC4-48E2-8192-52B14E6DE673}
		{83134872-0773-4BB7-B59D-00E0619D8700} = {181F2FC0-AFC4-48E2-8192-52B14E6DE673}
		{7546F4DB-3076-44A4-A57D-5AB31E3AC147} = {181F2FC0-AFC4-48E2-8192-52B14E6DE673}
		{0C38009A-4291-4924-AE38-A7E9495A74A1} = {48454651-6A7A-4B1F-8593-22EC34C4FE32}
		{7EFC3A93-C809-46CA-B1B0-FA8B815299EC} = {48454651-6A7A-4B1F-8593-22EC34C4FE32}
	EndGlobalSection
	GlobalSection(ExtensibilityGlobals) = postSolution
		SolutionGuid = {28241625-E763-4B5C-B3DC-FFB1CB615214}
	EndGlobalSection
EndGlobal
